
Microsoft Visual Studio Solution File, Format Version 12.00
# Visual Studio Version 16
VisualStudioVersion = 16.0.30413.136
MinimumVisualStudioVersion = 10.0.40219.1
Project("{8BC9CEB8-8B4A-11D0-8D11-00A0C91BC942}") = "Motor", "Motor\Motor.vcxproj", "{39B98E79-866C-4EB5-8DA5-D083C24DC876}"
EndProject
Global
	GlobalSection(SolutionConfigurationPlatforms) = preSolution
		Debug|x64 = Debug|x64
		Debug|x86 = Debug|x86
		Release|x64 = Release|x64
		Release|x86 = Release|x86
	EndGlobalSection
	GlobalSection(ProjectConfigurationPlatforms) = postSolution
		{39B98E79-866C-4EB5-8DA5-D083C24DC876}.Debug|x64.ActiveCfg = Debug|x64
		{39B98E79-866C-4EB5-8DA5-D083C24DC876}.Debug|x64.Build.0 = Debug|x64
		{39B98E79-866C-4EB5-8DA5-D083C24DC876}.Debug|x86.ActiveCfg = Debug|Win32
		{39B98E79-866C-4EB5-8DA5-D083C24DC876}.Debug|x86.Build.0 = Debug|Win32
		{39B98E79-866C-4EB5-8DA5-D083C24DC876}.Release|x64.ActiveCfg = Release|x64
		{39B98E79-866C-4EB5-8DA5-D083C24DC876}.Release|x64.Build.0 = Release|x64
		{39B98E79-866C-4EB5-8DA5-D083C24DC876}.Release|x86.ActiveCfg = Release|Win32
		{39B98E79-866C-4EB5-8DA5-D083C24DC876}.Release|x86.Build.0 = Release|Win32
	EndGlobalSection
	GlobalSection(SolutionProperties) = preSolution
		HideSolutionNode = FALSE
	EndGlobalSection
	GlobalSection(ExtensibilityGlobals) = postSolution
		SolutionGuid = {05E2C77B-D99D-4BA3-AC59-1BA42516C540}
	EndGlobalSection
EndGlobal
